
Microsoft Visual Studio Solution File, Format Version 12.00
# Visual Studio Version 17
VisualStudioVersion = 17.0.32014.148
MinimumVisualStudioVersion = 10.0.40219.1
Project("{2150E333-8FDC-42A3-9474-1A3956D46DE8}") = "Core", "Core", "{A829A943-DFAC-48AB-B1B3-B7A85B680492}"
EndProject
Project("{2150E333-8FDC-42A3-9474-1A3956D46DE8}") = "Application", "Application", "{BA971AF9-8494-446F-8584-A969381D6268}"
EndProject
Project("{2150E333-8FDC-42A3-9474-1A3956D46DE8}") = "Infrastrucure", "Infrastrucure", "{3F371E10-F851-4E43-8C36-16DB9E3B1792}"
EndProject
Project("{2150E333-8FDC-42A3-9474-1A3956D46DE8}") = "Presentation", "Presentation", "{E5333890-497E-4BC1-8349-791F365F4523}"
EndProject
Project("{9A19103F-16F7-4668-BE54-9A1E7A4F7556}") = "RizSoft.CleanArchitecture.Domain", "RizSoft.CleanArchitecture.Domain\RizSoft.CleanArchitecture.Domain.csproj", "{A23286E2-EDB2-4191-8637-AA19B311FCE2}"
EndProject
Project("{9A19103F-16F7-4668-BE54-9A1E7A4F7556}") = "RizSoft.CleanArchitecture.Application", "RizSoft.CleanArchitecture.Application\RizSoft.CleanArchitecture.Application.csproj", "{B5D6EB0F-B8D4-4600-BC3A-74313C1245AA}"
EndProject
Project("{9A19103F-16F7-4668-BE54-9A1E7A4F7556}") = "RizSoft.CleanArchitecture.Repository.SqlServer.EfCore", "RizSoft.CleanArchitecture.Repository.SqlServer.EfCore\RizSoft.CleanArchitecture.Repository.SqlServer.EfCore.csproj", "{FA7D6F29-8F19-43B4-ADFE-12345C311DFB}"
EndProject
Project("{9A19103F-16F7-4668-BE54-9A1E7A4F7556}") = "RizSoft.CleanArchitecture.Repository.SQLite.EfCore", "RizSoft.CleanArchitecture.Repository.SQLite.EfCore\RizSoft.CleanArchitecture.Repository.SQLite.EfCore.csproj", "{C05F1789-B657-4EA0-A1A9-8581C9D0E93C}"
EndProject
Project("{9A19103F-16F7-4668-BE54-9A1E7A4F7556}") = "RizSoft.CleanArchitecture.WebAPI", "RizSoft.CleanArchitecture.WebAPI\RizSoft.CleanArchitecture.WebAPI.csproj", "{530FDACC-4AD4-4B86-92B9-D2D5D4E6C98E}"
EndProject
Project("{9A19103F-16F7-4668-BE54-9A1E7A4F7556}") = "RizSoft.CleanArchitecture.BlazorServer", "RizSoft.CleanArchitecture.BlazorServer\RizSoft.CleanArchitecture.BlazorServer.csproj", "{8C8ABF3F-BEA4-466E-85EE-E77B40BC41B8}"
EndProject
Project("{9A19103F-16F7-4668-BE54-9A1E7A4F7556}") = "RizSoft.CleanArchitecture.BlazorWASM", "RizSoft.CleanArchitecture.BlazorWASM\RizSoft.CleanArchitecture.BlazorWASM.csproj", "{7A89D54D-9A4A-46FB-B337-AC159C268CE4}"
EndProject
Project("{9A19103F-16F7-4668-BE54-9A1E7A4F7556}") = "RizSoft.CleanArchitecture.WebUI", "RizSoft.CleanArchitecture.WebUI\RizSoft.CleanArchitecture.WebUI.csproj", "{00BA05A5-DC16-410F-9B1C-FFEB0E4E1C66}"
EndProject
Project("{9A19103F-16F7-4668-BE54-9A1E7A4F7556}") = "RizSoft.CleanArchitecture.Services", "RizSoft.CleanArchitecture.Services\RizSoft.CleanArchitecture.Services.csproj", "{C4E4F979-6CF1-49FF-81D2-1DF5FD10A4A0}"
EndProject
Project("{9A19103F-16F7-4668-BE54-9A1E7A4F7556}") = "RizSoft.CleanArchitecture.Repository.SqlServer.EfCore.Common", "RizSoft.CleanArchitecture.Repository.SqlServer.EfCore.Common\RizSoft.CleanArchitecture.Repository.SqlServer.EfCore.Common.csproj", "{2223D6CC-4D9F-4DC1-B896-B3ABD67CF764}"
EndProject
Project("{9A19103F-16F7-4668-BE54-9A1E7A4F7556}") = "RizSoft.CleanArchitecture.Repository.SqlServer.EfCore.Factory", "RizSoft.CleanArchitecture.Repository.SqlServer.EfCore.Factory\RizSoft.CleanArchitecture.Repository.SqlServer.EfCore.Factory.csproj", "{FCAD6BE3-5E22-47C0-B48A-ED03690B2912}"
EndProject
Project("{9A19103F-16F7-4668-BE54-9A1E7A4F7556}") = "RizSoft.CleanArchitecture.ConsoleApp", "RizSoft.CleanArchitecture.ConsoleApp\RizSoft.CleanArchitecture.ConsoleApp.csproj", "{A50F0779-96E7-4783-9E56-677B342F6977}"
EndProject
Project("{2150E333-8FDC-42A3-9474-1A3956D46DE8}") = "src", "src", "{34172517-3B89-456A-B815-B22C75ACB74F}"
EndProject
Project("{2150E333-8FDC-42A3-9474-1A3956D46DE8}") = "tests", "tests", "{4EBD9CF2-6381-44E8-B25A-629D69F4367B}"
EndProject
Project("{2150E333-8FDC-42A3-9474-1A3956D46DE8}") = "playground", "playground", "{B262868F-A798-4069-9548-0E073AD5ED59}"
EndProject
Project("{2150E333-8FDC-42A3-9474-1A3956D46DE8}") = "Solution Items", "Solution Items", "{76FDE803-84EC-48D1-9E42-7007071C38BB}"
	ProjectSection(SolutionItems) = preProject
		Solution Items\Database Sql Northwind\create northwind sqlserver.sql = Solution Items\Database Sql Northwind\create northwind sqlserver.sql
		Solution Items\Database Sqlite Northwind\northwind.db = Solution Items\Database Sqlite Northwind\northwind.db
		README.md = README.md
	EndProjectSection
EndProject
Project("{FAE04EC0-301F-11D3-BF4B-00C04F79EFBC}") = "RizSoft.CleanArchitecture.Domain.UnitTests", "RizSoft.CleanArchitecture.Domain.UnitTests\RizSoft.CleanArchitecture.Domain.UnitTests.csproj", "{F345370F-46E9-49D2-A3A5-2B1574564953}"
EndProject
Project("{FAE04EC0-301F-11D3-BF4B-00C04F79EFBC}") = "RizSoft.CleanArchitecture.Infrastructure.IntegrationTests", "RizSoft.CleanArchitecture.Infrastructure.IntegrationTests\RizSoft.CleanArchitecture.Infrastructure.IntegrationTests.csproj", "{A6D4AE9E-9E27-44E2-B590-231E52B305FE}"
EndProject
Project("{FAE04EC0-301F-11D3-BF4B-00C04F79EFBC}") = "RizSoft.CleanArchitecture.Application.UnitTests", "RizSoft.CleanArchitecture.Application.UnitTests\RizSoft.CleanArchitecture.Application.UnitTests.csproj", "{91630FF1-8470-4DD2-A780-DD9A6272FCC9}"
EndProject
Global
	GlobalSection(SolutionConfigurationPlatforms) = preSolution
		Debug|Any CPU = Debug|Any CPU
		Release|Any CPU = Release|Any CPU
	EndGlobalSection
	GlobalSection(ProjectConfigurationPlatforms) = postSolution
		{A23286E2-EDB2-4191-8637-AA19B311FCE2}.Debug|Any CPU.ActiveCfg = Debug|Any CPU
		{A23286E2-EDB2-4191-8637-AA19B311FCE2}.Debug|Any CPU.Build.0 = Debug|Any CPU
		{A23286E2-EDB2-4191-8637-AA19B311FCE2}.Release|Any CPU.ActiveCfg = Release|Any CPU
		{A23286E2-EDB2-4191-8637-AA19B311FCE2}.Release|Any CPU.Build.0 = Release|Any CPU
		{B5D6EB0F-B8D4-4600-BC3A-74313C1245AA}.Debug|Any CPU.ActiveCfg = Debug|Any CPU
		{B5D6EB0F-B8D4-4600-BC3A-74313C1245AA}.Debug|Any CPU.Build.0 = Debug|Any CPU
		{B5D6EB0F-B8D4-4600-BC3A-74313C1245AA}.Release|Any CPU.ActiveCfg = Release|Any CPU
		{B5D6EB0F-B8D4-4600-BC3A-74313C1245AA}.Release|Any CPU.Build.0 = Release|Any CPU
		{FA7D6F29-8F19-43B4-ADFE-12345C311DFB}.Debug|Any CPU.ActiveCfg = Debug|Any CPU
		{FA7D6F29-8F19-43B4-ADFE-12345C311DFB}.Debug|Any CPU.Build.0 = Debug|Any CPU
		{FA7D6F29-8F19-43B4-ADFE-12345C311DFB}.Release|Any CPU.ActiveCfg = Release|Any CPU
		{FA7D6F29-8F19-43B4-ADFE-12345C311DFB}.Release|Any CPU.Build.0 = Release|Any CPU
		{C05F1789-B657-4EA0-A1A9-8581C9D0E93C}.Debug|Any CPU.ActiveCfg = Debug|Any CPU
		{C05F1789-B657-4EA0-A1A9-8581C9D0E93C}.Debug|Any CPU.Build.0 = Debug|Any CPU
		{C05F1789-B657-4EA0-A1A9-8581C9D0E93C}.Release|Any CPU.ActiveCfg = Release|Any CPU
		{C05F1789-B657-4EA0-A1A9-8581C9D0E93C}.Release|Any CPU.Build.0 = Release|Any CPU
		{530FDACC-4AD4-4B86-92B9-D2D5D4E6C98E}.Debug|Any CPU.ActiveCfg = Debug|Any CPU
		{530FDACC-4AD4-4B86-92B9-D2D5D4E6C98E}.Debug|Any CPU.Build.0 = Debug|Any CPU
		{530FDACC-4AD4-4B86-92B9-D2D5D4E6C98E}.Release|Any CPU.ActiveCfg = Release|Any CPU
		{530FDACC-4AD4-4B86-92B9-D2D5D4E6C98E}.Release|Any CPU.Build.0 = Release|Any CPU
		{8C8ABF3F-BEA4-466E-85EE-E77B40BC41B8}.Debug|Any CPU.ActiveCfg = Debug|Any CPU
		{8C8ABF3F-BEA4-466E-85EE-E77B40BC41B8}.Debug|Any CPU.Build.0 = Debug|Any CPU
		{8C8ABF3F-BEA4-466E-85EE-E77B40BC41B8}.Release|Any CPU.ActiveCfg = Release|Any CPU
		{8C8ABF3F-BEA4-466E-85EE-E77B40BC41B8}.Release|Any CPU.Build.0 = Release|Any CPU
		{7A89D54D-9A4A-46FB-B337-AC159C268CE4}.Debug|Any CPU.ActiveCfg = Debug|Any CPU
		{7A89D54D-9A4A-46FB-B337-AC159C268CE4}.Debug|Any CPU.Build.0 = Debug|Any CPU
		{7A89D54D-9A4A-46FB-B337-AC159C268CE4}.Release|Any CPU.ActiveCfg = Release|Any CPU
		{7A89D54D-9A4A-46FB-B337-AC159C268CE4}.Release|Any CPU.Build.0 = Release|Any CPU
		{00BA05A5-DC16-410F-9B1C-FFEB0E4E1C66}.Debug|Any CPU.ActiveCfg = Debug|Any CPU
		{00BA05A5-DC16-410F-9B1C-FFEB0E4E1C66}.Debug|Any CPU.Build.0 = Debug|Any CPU
		{00BA05A5-DC16-410F-9B1C-FFEB0E4E1C66}.Release|Any CPU.ActiveCfg = Release|Any CPU
		{00BA05A5-DC16-410F-9B1C-FFEB0E4E1C66}.Release|Any CPU.Build.0 = Release|Any CPU
		{C4E4F979-6CF1-49FF-81D2-1DF5FD10A4A0}.Debug|Any CPU.ActiveCfg = Debug|Any CPU
		{C4E4F979-6CF1-49FF-81D2-1DF5FD10A4A0}.Debug|Any CPU.Build.0 = Debug|Any CPU
		{C4E4F979-6CF1-49FF-81D2-1DF5FD10A4A0}.Release|Any CPU.ActiveCfg = Release|Any CPU
		{C4E4F979-6CF1-49FF-81D2-1DF5FD10A4A0}.Release|Any CPU.Build.0 = Release|Any CPU
		{2223D6CC-4D9F-4DC1-B896-B3ABD67CF764}.Debug|Any CPU.ActiveCfg = Debug|Any CPU
		{2223D6CC-4D9F-4DC1-B896-B3ABD67CF764}.Debug|Any CPU.Build.0 = Debug|Any CPU
		{2223D6CC-4D9F-4DC1-B896-B3ABD67CF764}.Release|Any CPU.ActiveCfg = Release|Any CPU
		{2223D6CC-4D9F-4DC1-B896-B3ABD67CF764}.Release|Any CPU.Build.0 = Release|Any CPU
		{FCAD6BE3-5E22-47C0-B48A-ED03690B2912}.Debug|Any CPU.ActiveCfg = Debug|Any CPU
		{FCAD6BE3-5E22-47C0-B48A-ED03690B2912}.Debug|Any CPU.Build.0 = Debug|Any CPU
		{FCAD6BE3-5E22-47C0-B48A-ED03690B2912}.Release|Any CPU.ActiveCfg = Release|Any CPU
		{FCAD6BE3-5E22-47C0-B48A-ED03690B2912}.Release|Any CPU.Build.0 = Release|Any CPU
		{A50F0779-96E7-4783-9E56-677B342F6977}.Debug|Any CPU.ActiveCfg = Debug|Any CPU
		{A50F0779-96E7-4783-9E56-677B342F6977}.Debug|Any CPU.Build.0 = Debug|Any CPU
		{A50F0779-96E7-4783-9E56-677B342F6977}.Release|Any CPU.ActiveCfg = Release|Any CPU
		{A50F0779-96E7-4783-9E56-677B342F6977}.Release|Any CPU.Build.0 = Release|Any CPU
		{F345370F-46E9-49D2-A3A5-2B1574564953}.Debug|Any CPU.ActiveCfg = Debug|Any CPU
		{F345370F-46E9-49D2-A3A5-2B1574564953}.Debug|Any CPU.Build.0 = Debug|Any CPU
		{F345370F-46E9-49D2-A3A5-2B1574564953}.Release|Any CPU.ActiveCfg = Release|Any CPU
		{F345370F-46E9-49D2-A3A5-2B1574564953}.Release|Any CPU.Build.0 = Release|Any CPU
		{A6D4AE9E-9E27-44E2-B590-231E52B305FE}.Debug|Any CPU.ActiveCfg = Debug|Any CPU
		{A6D4AE9E-9E27-44E2-B590-231E52B305FE}.Debug|Any CPU.Build.0 = Debug|Any CPU
		{A6D4AE9E-9E27-44E2-B590-231E52B305FE}.Release|Any CPU.ActiveCfg = Release|Any CPU
		{A6D4AE9E-9E27-44E2-B590-231E52B305FE}.Release|Any CPU.Build.0 = Release|Any CPU
		{91630FF1-8470-4DD2-A780-DD9A6272FCC9}.Debug|Any CPU.ActiveCfg = Debug|Any CPU
		{91630FF1-8470-4DD2-A780-DD9A6272FCC9}.Debug|Any CPU.Build.0 = Debug|Any CPU
		{91630FF1-8470-4DD2-A780-DD9A6272FCC9}.Release|Any CPU.ActiveCfg = Release|Any CPU
		{91630FF1-8470-4DD2-A780-DD9A6272FCC9}.Release|Any CPU.Build.0 = Release|Any CPU
	EndGlobalSection
	GlobalSection(SolutionProperties) = preSolution
		HideSolutionNode = FALSE
	EndGlobalSection
	GlobalSection(NestedProjects) = preSolution
		{A829A943-DFAC-48AB-B1B3-B7A85B680492} = {34172517-3B89-456A-B815-B22C75ACB74F}
		{BA971AF9-8494-446F-8584-A969381D6268} = {34172517-3B89-456A-B815-B22C75ACB74F}
		{3F371E10-F851-4E43-8C36-16DB9E3B1792} = {34172517-3B89-456A-B815-B22C75ACB74F}
		{E5333890-497E-4BC1-8349-791F365F4523} = {34172517-3B89-456A-B815-B22C75ACB74F}
		{A23286E2-EDB2-4191-8637-AA19B311FCE2} = {A829A943-DFAC-48AB-B1B3-B7A85B680492}
		{B5D6EB0F-B8D4-4600-BC3A-74313C1245AA} = {BA971AF9-8494-446F-8584-A969381D6268}
		{FA7D6F29-8F19-43B4-ADFE-12345C311DFB} = {3F371E10-F851-4E43-8C36-16DB9E3B1792}
		{C05F1789-B657-4EA0-A1A9-8581C9D0E93C} = {3F371E10-F851-4E43-8C36-16DB9E3B1792}
		{530FDACC-4AD4-4B86-92B9-D2D5D4E6C98E} = {E5333890-497E-4BC1-8349-791F365F4523}
		{8C8ABF3F-BEA4-466E-85EE-E77B40BC41B8} = {E5333890-497E-4BC1-8349-791F365F4523}
		{7A89D54D-9A4A-46FB-B337-AC159C268CE4} = {E5333890-497E-4BC1-8349-791F365F4523}
		{00BA05A5-DC16-410F-9B1C-FFEB0E4E1C66} = {E5333890-497E-4BC1-8349-791F365F4523}
		{C4E4F979-6CF1-49FF-81D2-1DF5FD10A4A0} = {BA971AF9-8494-446F-8584-A969381D6268}
		{2223D6CC-4D9F-4DC1-B896-B3ABD67CF764} = {3F371E10-F851-4E43-8C36-16DB9E3B1792}
		{FCAD6BE3-5E22-47C0-B48A-ED03690B2912} = {3F371E10-F851-4E43-8C36-16DB9E3B1792}
		{A50F0779-96E7-4783-9E56-677B342F6977} = {B262868F-A798-4069-9548-0E073AD5ED59}
		{F345370F-46E9-49D2-A3A5-2B1574564953} = {4EBD9CF2-6381-44E8-B25A-629D69F4367B}
		{A6D4AE9E-9E27-44E2-B590-231E52B305FE} = {4EBD9CF2-6381-44E8-B25A-629D69F4367B}
		{91630FF1-8470-4DD2-A780-DD9A6272FCC9} = {4EBD9CF2-6381-44E8-B25A-629D69F4367B}
	EndGlobalSection
	GlobalSection(ExtensibilityGlobals) = postSolution
		SolutionGuid = {05409619-CB6C-4221-8AC8-E3E9F371F765}
	EndGlobalSection
EndGlobal
